
Microsoft Visual Studio Solution File, Format Version 12.00
# Visual Studio Version 16
VisualStudioVersion = 16.0.29709.97
MinimumVisualStudioVersion = 10.0.40219.1
Project("{FAE04EC0-301F-11D3-BF4B-00C04F79EFBC}") = "Loan Comp", "Loan Comp\Loan Comp.csproj", "{10BF5D61-2B21-4CF6-8A4A-F91B15127CA1}"
EndProject
Project("{FAE04EC0-301F-11D3-BF4B-00C04F79EFBC}") = "Loan Comp.Tests", "Loan Comp.Tests\Loan Comp.Tests.csproj", "{C5384F5A-5FB3-446E-AF31-4EB91F27FD1A}"
EndProject
Global
	GlobalSection(SolutionConfigurationPlatforms) = preSolution
		Debug|Any CPU = Debug|Any CPU
		Release|Any CPU = Release|Any CPU
	EndGlobalSection
	GlobalSection(ProjectConfigurationPlatforms) = postSolution
		{10BF5D61-2B21-4CF6-8A4A-F91B15127CA1}.Debug|Any CPU.ActiveCfg = Debug|Any CPU
		{10BF5D61-2B21-4CF6-8A4A-F91B15127CA1}.Debug|Any CPU.Build.0 = Debug|Any CPU
		{10BF5D61-2B21-4CF6-8A4A-F91B15127CA1}.Release|Any CPU.ActiveCfg = Release|Any CPU
		{10BF5D61-2B21-4CF6-8A4A-F91B15127CA1}.Release|Any CPU.Build.0 = Release|Any CPU
		{C5384F5A-5FB3-446E-AF31-4EB91F27FD1A}.Debug|Any CPU.ActiveCfg = Debug|Any CPU
		{C5384F5A-5FB3-446E-AF31-4EB91F27FD1A}.Debug|Any CPU.Build.0 = Debug|Any CPU
		{C5384F5A-5FB3-446E-AF31-4EB91F27FD1A}.Release|Any CPU.ActiveCfg = Release|Any CPU
		{C5384F5A-5FB3-446E-AF31-4EB91F27FD1A}.Release|Any CPU.Build.0 = Release|Any CPU
	EndGlobalSection
	GlobalSection(SolutionProperties) = preSolution
		HideSolutionNode = FALSE
	EndGlobalSection
	GlobalSection(ExtensibilityGlobals) = postSolution
		SolutionGuid = {ECB0AAB8-DCEA-4C0C-BA18-67CF435FA5CE}
	EndGlobalSection
EndGlobal
